
Microsoft Visual Studio Solution File, Format Version 12.00
# Visual Studio 15
VisualStudioVersion = 15.0.28307.136
MinimumVisualStudioVersion = 10.0.40219.1
Project("{FAE04EC0-301F-11D3-BF4B-00C04F79EFBC}") = "BioReference.WebAPI", "BioReference.WebAPI\BioReference.WebAPI.csproj", "{5A56B42E-2F4A-4EE3-960E-605BF4A625D6}"
EndProject
Global
	GlobalSection(SolutionConfigurationPlatforms) = preSolution
		Debug|Any CPU = Debug|Any CPU
		Release|Any CPU = Release|Any CPU
	EndGlobalSection
	GlobalSection(ProjectConfigurationPlatforms) = postSolution
		{5A56B42E-2F4A-4EE3-960E-605BF4A625D6}.Debug|Any CPU.ActiveCfg = Debug|Any CPU
		{5A56B42E-2F4A-4EE3-960E-605BF4A625D6}.Debug|Any CPU.Build.0 = Debug|Any CPU
		{5A56B42E-2F4A-4EE3-960E-605BF4A625D6}.Release|Any CPU.ActiveCfg = Release|Any CPU
		{5A56B42E-2F4A-4EE3-960E-605BF4A625D6}.Release|Any CPU.Build.0 = Release|Any CPU
	EndGlobalSection
	GlobalSection(SolutionProperties) = preSolution
		HideSolutionNode = FALSE
	EndGlobalSection
	GlobalSection(ExtensibilityGlobals) = postSolution
		SolutionGuid = {EF85578A-B7EF-4A45-83A6-BFFF7796D257}
	EndGlobalSection
EndGlobal
